
Microsoft Visual Studio Solution File, Format Version 12.00
# Visual Studio Version 17
VisualStudioVersion = 17.2.32526.322
MinimumVisualStudioVersion = 10.0.40219.1
Project("{8BC9CEB8-8B4A-11D0-8D11-00A0C91BC942}") = "18.5", "18.5\18.5.vcxproj", "{D3CC0FC6-51DC-4149-A166-99B250DA75DA}"
EndProject
Global
	GlobalSection(SolutionConfigurationPlatforms) = preSolution
		Debug|x64 = Debug|x64
		Debug|x86 = Debug|x86
		Release|x64 = Release|x64
		Release|x86 = Release|x86
	EndGlobalSection
	GlobalSection(ProjectConfigurationPlatforms) = postSolution
		{D3CC0FC6-51DC-4149-A166-99B250DA75DA}.Debug|x64.ActiveCfg = Debug|x64
		{D3CC0FC6-51DC-4149-A166-99B250DA75DA}.Debug|x64.Build.0 = Debug|x64
		{D3CC0FC6-51DC-4149-A166-99B250DA75DA}.Debug|x86.ActiveCfg = Debug|Win32
		{D3CC0FC6-51DC-4149-A166-99B250DA75DA}.Debug|x86.Build.0 = Debug|Win32
		{D3CC0FC6-51DC-4149-A166-99B250DA75DA}.Release|x64.ActiveCfg = Release|x64
		{D3CC0FC6-51DC-4149-A166-99B250DA75DA}.Release|x64.Build.0 = Release|x64
		{D3CC0FC6-51DC-4149-A166-99B250DA75DA}.Release|x86.ActiveCfg = Release|Win32
		{D3CC0FC6-51DC-4149-A166-99B250DA75DA}.Release|x86.Build.0 = Release|Win32
	EndGlobalSection
	GlobalSection(SolutionProperties) = preSolution
		HideSolutionNode = FALSE
	EndGlobalSection
	GlobalSection(ExtensibilityGlobals) = postSolution
		SolutionGuid = {89F35FFB-87A8-4DA3-B9ED-C15BB5B09F01}
	EndGlobalSection
EndGlobal
